version = 1
revision = 3
requires-python = ">=3.11"

[[package]]
name = "black"
version = "24.10.0"
source = { registry = "https://pypi.org/simple" }
dependencies = [
    { name = "click" },
    { name = "mypy-extensions" },
    { name = "packaging" },
    { name = "pathspec" },
    { name = "platformdirs" },
]
sdist = { url = "https://files.pythonhosted.org/packages/d8/0d/cc2fb42b8c50d80143221515dd7e4766995bd07c56c9a3ed30baf080b6dc/black-24.10.0.tar.gz", hash = "sha256:846ea64c97afe3bc677b761787993be4991810ecc7a4a937816dd6bddedc4875", size = 645813, upload-time = "2024-10-07T19:20:50.361Z" }
wheels = [
    { url = "https://files.pythonhosted.org/packages/c2/cc/7496bb63a9b06a954d3d0ac9fe7a73f3bf1cd92d7a58877c27f4ad1e9d41/black-24.10.0-cp311-cp311-macosx_10_9_x86_64.whl", hash = "sha256:5a2221696a8224e335c28816a9d331a6c2ae15a2ee34ec857dcf3e45dbfa99ad", size = 1607468, upload-time = "2024-10-07T19:26:14.966Z" },
    { url = "https://files.pythonhosted.org/packages/2b/e3/69a738fb5ba18b5422f50b4f143544c664d7da40f09c13969b2fd52900e0/black-24.10.0-cp311-cp311-macosx_11_0_arm64.whl", hash = "sha256:f9da3333530dbcecc1be13e69c250ed8dfa67f43c4005fb537bb426e19200d50", size = 1437270, upload-time = "2024-10-07T19:25:24.291Z" },
    { url = "https://files.pythonhosted.org/packages/c9/9b/2db8045b45844665c720dcfe292fdaf2e49825810c0103e1191515fc101a/black-24.10.0-cp311-cp311-manylinux_2_17_x86_64.manylinux2014_x86_64.manylinux_2_28_x86_64.whl", hash = "sha256:4007b1393d902b48b36958a216c20c4482f601569d19ed1df294a496eb366392", size = 1737061, upload-time = "2024-10-07T19:23:52.18Z" },
    { url = "https://files.pythonhosted.org/packages/a3/95/17d4a09a5be5f8c65aa4a361444d95edc45def0de887810f508d3f65db7a/black-24.10.0-cp311-cp311-win_amd64.whl", hash = "sha256:394d4ddc64782e51153eadcaaca95144ac4c35e27ef9b0a42e121ae7e57a9175", size = 1423293, upload-time = "2024-10-07T19:24:41.7Z" },
    { url = "https://files.pythonhosted.org/packages/90/04/bf74c71f592bcd761610bbf67e23e6a3cff824780761f536512437f1e655/black-24.10.0-cp312-cp312-macosx_10_13_x86_64.whl", hash = "sha256:b5e39e0fae001df40f95bd8cc36b9165c5e2ea88900167bddf258bacef9bbdc3", size = 1644256, upload-time = "2024-10-07T19:27:53.355Z" },
    { url = "https://files.pythonhosted.org/packages/4c/ea/a77bab4cf1887f4b2e0bce5516ea0b3ff7d04ba96af21d65024629afedb6/black-24.10.0-cp312-cp312-macosx_11_0_arm64.whl", hash = "sha256:d37d422772111794b26757c5b55a3eade028aa3fde43121ab7b673d050949d65", size = 1448534, upload-time = "2024-10-07T19:26:44.953Z" },
    { url = "https://files.pythonhosted.org/packages/4e/3e/443ef8bc1fbda78e61f79157f303893f3fddf19ca3c8989b163eb3469a12/black-24.10.0-cp312-cp312-manylinux_2_17_x86_64.manylinux2014_x86_64.manylinux_2_28_x86_64.whl", hash = "sha256:14b3502784f09ce2443830e3133dacf2c0110d45191ed470ecb04d0f5f6fcb0f", size = 1761892, upload-time = "2024-10-07T19:24:10.264Z" },
    { url = "https://files.pythonhosted.org/packages/52/93/eac95ff229049a6901bc84fec6908a5124b8a0b7c26ea766b3b8a5debd22/black-24.10.0-cp312-cp312-win_amd64.whl", hash = "sha256:30d2c30dc5139211dda799758559d1b049f7f14c580c409d6ad925b74a4208a8", size = 1434796, upload-time = "2024-10-07T19:25:06.239Z" },
    { url = "https://files.pythonhosted.org/packages/d0/a0/a993f58d4ecfba035e61fca4e9f64a2ecae838fc9f33ab798c62173ed75c/black-24.10.0-cp313-cp313-macosx_10_13_x86_64.whl", hash = "sha256:1cbacacb19e922a1d75ef2b6ccaefcd6e93a2c05ede32f06a21386a04cedb981", size = 1643986, upload-time = "2024-10-07T19:28:50.684Z" },
    { url = "https://files.pythonhosted.org/packages/37/d5/602d0ef5dfcace3fb4f79c436762f130abd9ee8d950fa2abdbf8bbc555e0/black-24.10.0-cp313-cp313-macosx_11_0_arm64.whl", hash = "sha256:1f93102e0c5bb3907451063e08b9876dbeac810e7da5a8bfb7aeb5a9ef89066b", size = 1448085, upload-time = "2024-10-07T19:28:12.093Z" },
    { url = "https://files.pythonhosted.org/packages/47/6d/a3a239e938960df1a662b93d6230d4f3e9b4a22982d060fc38c42f45a56b/black-24.10.0-cp313-cp313-manylinux_2_17_x86_64.manylinux2014_x86_64.manylinux_2_28_x86_64.whl", hash = "sha256:ddacb691cdcdf77b96f549cf9591701d8db36b2f19519373d60d31746068dbf2", size = 1760928, upload-time = "2024-10-07T19:24:15.233Z" },
    { url = "https://files.pythonhosted.org/packages/dd/cf/af018e13b0eddfb434df4d9cd1b2b7892bab119f7a20123e93f6910982e8/black-24.10.0-cp313-cp313-win_amd64.whl", hash = "sha256:680359d932801c76d2e9c9068d05c6b107f2584b2a5b88831c83962eb9984c1b", size = 1436875, upload-time = "2024-10-07T19:24:42.762Z" },
    { url = "https://files.pythonhosted.org/packages/8d/a7/4b27c50537ebca8bec139b872861f9d2bf501c5ec51fcf897cb924d9e264/black-24.10.0-py3-none-any.whl", hash = "sha256:3bb2b7a1f7b685f85b11fed1ef10f8a9148bceb49853e47a294a3dd963c1dd7d", size = 206898, upload-time = "2024-10-07T19:20:48.317Z" },
]

[[package]]
name = "clang-format"
version = "11.0.1"
source = { registry = "https://pypi.org/simple" }
sdist = { url = "https://files.pythonhosted.org/packages/f8/a4/bb2e874b573eeb040ec904e8e42d6f5c9a1f12e2020af1b07348c77de510/clang-format-11.0.1.tar.gz", hash = "sha256:7e62439218c38126f9234bc0fdfa85cb2ef5798219190acc911962f0b0a0abfc", size = 7984, upload-time = "2021-09-27T19:51:34.787Z" }
wheels = [
    { url = "https://files.pythonhosted.org/packages/96/0b/d7a1f4cbabab240a1efd3fd4b6ca394f957c8e140f2e7325063be42da48a/clang_format-11.0.1-py2.py3-none-macosx_10_9_universal2.whl", hash = "sha256:cc3165c67df81ec1daa99d7e922f5bdd02d9e65c12242b3367967b145e5df463", size = 889140, upload-time = "2021-09-27T19:51:18.586Z" },
    { url = "https://files.pythonhosted.org/packages/bb/44/c4cee654285b087cfd0933526742d4f1400f8ef2ae30c4cc27125134ef01/clang_format-11.0.1-py2.py3-none-manylinux_2_12_i686.manylinux2010_i686.whl", hash = "sha256:a6f08bf948857205b3c6d8efe885658a46533797c4a822c03ba4004bc18e830f", size = 1116050, upload-time = "2021-09-27T19:51:24.247Z" },
    { url = "https://files.pythonhosted.org/packages/1f/3e/8d4b80c18fe32c9225cdd19a6d8770713ab0f852f163abebbc26b2c132c8/clang_format-11.0.1-py2.py3-none-manylinux_2_12_x86_64.manylinux2010_x86_64.whl", hash = "sha256:47ea0da184a602b06bef2cfd4590137b08aa67f3e8eab7b33a6dc48e1a28fe40", size = 1007359, upload-time = "2021-09-27T19:51:25.206Z" },
    { url = "https://files.pythonhosted.org/packages/49/28/cc3effc16f6d8b1321141e228b3b05525110830d8f97cc6966e356264d4c/clang_format-11.0.1-py2.py3-none-win32.whl", hash = "sha256:462bee159286fc75a972660ac2d17337717c1593639a1f12a9d9751624877c0f", size = 1996165, upload-time = "2021-09-27T19:51:26.078Z" },
    { url = "https://files.pythonhosted.org/packages/e0/e1/db42d5ce564cbde759ce73ab27d9e1e53ab64f28a620a5eb0f1e31d7729a/clang_format-11.0.1-py2.py3-none-win_amd64.whl", hash = "sha256:7de5848f098ec6a9935222ade8b097a842a7375897de5cbe3c073c7627d47024", size = 1996168, upload-time = "2021-09-27T19:51:27.098Z" },
]

[[package]]
name = "click"
version = "8.3.1"
source = { registry = "https://pypi.org/simple" }
dependencies = [
    { name = "colorama", marker = "sys_platform == 'win32'" },
]
sdist = { url = "https://files.pythonhosted.org/packages/3d/fa/656b739db8587d7b5dfa22e22ed02566950fbfbcdc20311993483657a5c0/click-8.3.1.tar.gz", hash = "sha256:12ff4785d337a1bb490bb7e9c2b1ee5da3112e94a8622f26a6c77f5d2fc6842a", size = 295065, upload-time = "2025-11-15T20:45:42.706Z" }
wheels = [
    { url = "https://files.pythonhosted.org/packages/98/78/01c019cdb5d6498122777c1a43056ebb3ebfeef2076d9d026bfe15583b2b/click-8.3.1-py3-none-any.whl", hash = "sha256:981153a64e25f12d547d3426c367a4857371575ee7ad18df2a6183ab0545b2a6", size = 108274, upload-time = "2025-11-15T20:45:41.139Z" },
]

[[package]]
name = "cmake-format"
version = "0.6.13"
source = { registry = "https://pypi.org/simple" }
dependencies = [
    { name = "cmakelang" },
]
sdist = { url = "https://files.pythonhosted.org/packages/5d/3e/f1a7388ce2528b69fbfce9691e5c97f1b2b2b83c25711e0627c3e8f99e58/cmake-format-0.6.13.tar.gz", hash = "sha256:1a48b779067ecca68c498691d07d5c9d3df9803a7e0c5b641128fa6efe5ae489", size = 10484, upload-time = "2020-08-19T17:15:26.286Z" }
wheels = [
    { url = "https://files.pythonhosted.org/packages/4a/40/0ca7c62dc4b9af58ca32da8e6d87ee222f5bb551c17ef22900b2f81b998e/cmake_format-0.6.13-py3-none-any.whl", hash = "sha256:ec7ed949101e5f0b7bc19317d122b83ccbc28fd766c41c93094845719667c56e", size = 19725, upload-time = "2020-08-19T17:15:24.23Z" },
]

[[package]]
name = "cmakelang"
version = "0.6.13"
source = { registry = "https://pypi.org/simple" }
dependencies = [
    { name = "six" },
]
sdist = { url = "https://files.pythonhosted.org/packages/74/c0/75d4806cf21dcb4198e9fba02f4d2fa61c8db919b7db788862d9cd5f4433/cmakelang-0.6.13.tar.gz", hash = "sha256:03982e87b00654d024d73ef972d9d9bb0e5726cdb6b8a424a15661fb6278e67f", size = 123111, upload-time = "2020-08-19T17:15:25.44Z" }
wheels = [
    { url = "https://files.pythonhosted.org/packages/86/a8/c4676cac062d133c6b909d7def80a3194162597968953a3291b309878721/cmakelang-0.6.13-py3-none-any.whl", hash = "sha256:764b9467195c7c36453d60a829f30229720d26c7dffd41cb516b99bd9c7daf4e", size = 159803, upload-time = "2020-08-19T17:15:23.981Z" },
]

[[package]]
name = "colorama"
version = "0.4.6"
source = { registry = "https://pypi.org/simple" }
sdist = { url = "https://files.pythonhosted.org/packages/d8/53/6f443c9a4a8358a93a6792e2acffb9d9d5cb0a5cfd8802644b7b1c9a02e4/colorama-0.4.6.tar.gz", hash = "sha256:08695f5cb7ed6e0531a20572697297273c47b8cae5a63ffc6d6ed5c201be6e44", size = 27697, upload-time = "2022-10-25T02:36:22.414Z" }
wheels = [
    { url = "https://files.pythonhosted.org/packages/d1/d6/3965ed04c63042e047cb6a3e6ed1a63a35087b6a609aa3a15ed8ac56c221/colorama-0.4.6-py2.py3-none-any.whl", hash = "sha256:4f1d9991f5acc0ca119f9d443620b77f9d6b33703e51011c16baf57afb285fc6", size = 25335, upload-time = "2022-10-25T02:36:20.889Z" },
]

[[package]]
name = "cxxheaderparser"
version = "1.6.2"
source = { registry = "https://pypi.org/simple" }
sdist = { url = "https://files.pythonhosted.org/packages/71/88/bcb6400315da0df5f18197a285863d7da99bfec02a46c91df95a225df18f/cxxheaderparser-1.6.2.tar.gz", hash = "sha256:4574f09908609a7bf5d93841fae6e677b803e9708f564ae599382c1f0e18c7ed", size = 52562, upload-time = "2025-12-16T05:02:14.048Z" }
wheels = [
    { url = "https://files.pythonhosted.org/packages/98/3b/ef8c9839b958b853f9a081de7a2a8c48c4f73b00269cf1048e009727c032/cxxheaderparser-1.6.2-py3-none-any.whl", hash = "sha256:92aae2b45cb96e4bb5b4be392cca73afef439f06d612c5da3a9cab6d7a13e4ae", size = 58935, upload-time = "2025-12-16T05:02:12.433Z" },
]

[[package]]
name = "lance-duckdb-devtools"
version = "0.1.0"
source = { virtual = "." }

[package.dev-dependencies]
format = [
    { name = "black" },
    { name = "clang-format" },
    { name = "cmake-format" },
    { name = "cxxheaderparser" },
    { name = "pcpp" },
]

[package.metadata]

[package.metadata.requires-dev]
format = [
    { name = "black", specifier = "==24.*" },
    { name = "clang-format", specifier = "==11.0.1" },
    { name = "cmake-format", specifier = "==0.6.13" },
    { name = "cxxheaderparser", specifier = ">=1.6.2" },
    { name = "pcpp", specifier = ">=1.30" },
]

[[package]]
name = "mypy-extensions"
version = "1.1.0"
source = { registry = "https://pypi.org/simple" }
sdist = { url = "https://files.pythonhosted.org/packages/a2/6e/371856a3fb9d31ca8dac321cda606860fa4548858c0cc45d9d1d4ca2628b/mypy_extensions-1.1.0.tar.gz", hash = "sha256:52e68efc3284861e772bbcd66823fde5ae21fd2fdb51c62a211403730b916558", size = 6343, upload-time = "2025-04-22T14:54:24.164Z" }
wheels = [
    { url = "https://files.pythonhosted.org/packages/79/7b/2c79738432f5c924bef5071f933bcc9efd0473bac3b4aa584a6f7c1c8df8/mypy_extensions-1.1.0-py3-none-any.whl", hash = "sha256:1be4cccdb0f2482337c4743e60421de3a356cd97508abadd57d47403e94f5505", size = 4963, upload-time = "2025-04-22T14:54:22.983Z" },
]

[[package]]
name = "packaging"
version = "25.0"
source = { registry = "https://pypi.org/simple" }
sdist = { url = "https://files.pythonhosted.org/packages/a1/d4/1fc4078c65507b51b96ca8f8c3ba19e6a61c8253c72794544580a7b6c24d/packaging-25.0.tar.gz", hash = "sha256:d443872c98d677bf60f6a1f2f8c1cb748e8fe762d2bf9d3148b5599295b0fc4f", size = 165727, upload-time = "2025-04-19T11:48:59.673Z" }
wheels = [
    { url = "https://files.pythonhosted.org/packages/20/12/38679034af332785aac8774540895e234f4d07f7545804097de4b666afd8/packaging-25.0-py3-none-any.whl", hash = "sha256:29572ef2b1f17581046b3a2227d5c611fb25ec70ca1ba8554b24b0e69331a484", size = 66469, upload-time = "2025-04-19T11:48:57.875Z" },
]

[[package]]
name = "pathspec"
version = "0.12.1"
source = { registry = "https://pypi.org/simple" }
sdist = { url = "https://files.pythonhosted.org/packages/ca/bc/f35b8446f4531a7cb215605d100cd88b7ac6f44ab3fc94870c120ab3adbf/pathspec-0.12.1.tar.gz", hash = "sha256:a482d51503a1ab33b1c67a6c3813a26953dbdc71c31dacaef9a838c4e29f5712", size = 51043, upload-time = "2023-12-10T22:30:45Z" }
wheels = [
    { url = "https://files.pythonhosted.org/packages/cc/20/ff623b09d963f88bfde16306a54e12ee5ea43e9b597108672ff3a408aad6/pathspec-0.12.1-py3-none-any.whl", hash = "sha256:a0d503e138a4c123b27490a4f7beda6a01c6f288df0e4a8b79c7eb0dc7b4cc08", size = 31191, upload-time = "2023-12-10T22:30:43.14Z" },
]

[[package]]
name = "pcpp"
version = "1.30"
source = { registry = "https://pypi.org/simple" }
sdist = { url = "https://files.pythonhosted.org/packages/41/07/876153f611f2c610bdb8f706a5ab560d888c938ea9ea65ed18c374a9014a/pcpp-1.30.tar.gz", hash = "sha256:5af9fbce55f136d7931ae915fae03c34030a3b36c496e72d9636cedc8e2543a1", size = 94283, upload-time = "2021-10-29T13:16:54.565Z" }
wheels = [
    { url = "https://files.pythonhosted.org/packages/01/ca/ada7f39c5a0977893e0ef809b1617b259b2d76f6382a7abad00dd6d77904/pcpp-1.30-py2.py3-none-any.whl", hash = "sha256:05fe08292b6da57f385001c891a87f40d6aa7f46787b03e8ba326d20a3297c6e", size = 91085, upload-time = "2021-10-29T13:16:51.846Z" },
]

[[package]]
name = "platformdirs"
version = "4.5.1"
source = { registry = "https://pypi.org/simple" }
sdist = { url = "https://files.pythonhosted.org/packages/cf/86/0248f086a84f01b37aaec0fa567b397df1a119f73c16f6c7a9aac73ea309/platformdirs-4.5.1.tar.gz", hash = "sha256:61d5cdcc6065745cdd94f0f878977f8de9437be93de97c1c12f853c9c0cdcbda", size = 21715, upload-time = "2025-12-05T13:52:58.638Z" }
wheels = [
    { url = "https://files.pythonhosted.org/packages/cb/28/3bfe2fa5a7b9c46fe7e13c97bda14c895fb10fa2ebf1d0abb90e0cea7ee1/platformdirs-4.5.1-py3-none-any.whl", hash = "sha256:d03afa3963c806a9bed9d5125c8f4cb2fdaf74a55ab60e5d59b3fde758104d31", size = 18731, upload-time = "2025-12-05T13:52:56.823Z" },
]

[[package]]
name = "six"
version = "1.17.0"
source = { registry = "https://pypi.org/simple" }
sdist = { url = "https://files.pythonhosted.org/packages/94/e7/b2c673351809dca68a0e064b6af791aa332cf192da575fd474ed7d6f16a2/six-1.17.0.tar.gz", hash = "sha256:ff70335d468e7eb6ec65b95b99d3a2836546063f63acc5171de367e834932a81", size = 34031, upload-time = "2024-12-04T17:35:28.174Z" }
wheels = [
    { url = "https://files.pythonhosted.org/packages/b7/ce/149a00dd41f10bc29e5921b496af8b574d8413afcd5e30dfa0ed46c2cc5e/six-1.17.0-py2.py3-none-any.whl", hash = "sha256:4721f391ed90541fddacab5acf947aa0d3dc7d27b2e1e8eda2be8970586c3274", size = 11050, upload-time = "2024-12-04T17:35:26.475Z" },
]
